// !$*UTF8*$!
{
	archiveVersion = 1;
	classes = {
	};
	objectVersion = 50;
	objects = {

/* Begin PBXBuildFile section */
		180578EC23FFDB9900C9CFA8 /* CodeModel.xcdatamodeld in Sources */ = {isa = PBXBuildFile; fileRef = 180578DF23FFD58300C9CFA8 /* CodeModel.xcdatamodeld */; };
		180578EE2400048F00C9CFA8 /* CodeEditView.swift in Sources */ = {isa = PBXBuildFile; fileRef = 180578ED2400048E00C9CFA8 /* CodeEditView.swift */; };
		180578F02400ED3F00C9CFA8 /* TimeProgressView.swift in Sources */ = {isa = PBXBuildFile; fileRef = 180578EF2400ED3F00C9CFA8 /* TimeProgressView.swift */; };
		180579122401093800C9CFA8 /* MyTimer.swift in Sources */ = {isa = PBXBuildFile; fileRef = 180579112401093800C9CFA8 /* MyTimer.swift */; };
		181318C42352046300BED3AB /* Authenticator.app in Embed Watch Content */ = {isa = PBXBuildFile; fileRef = 189248312342F9A3002DFDAA /* Authenticator.app */; settings = {ATTRIBUTES = (RemoveHeadersOnCopy, ); }; };
		18226A7C233FAA6300B10142 /* AppDelegate.swift in Sources */ = {isa = PBXBuildFile; fileRef = 18226A7B233FAA6300B10142 /* AppDelegate.swift */; };
		18226A7E233FAA6300B10142 /* SceneDelegate.swift in Sources */ = {isa = PBXBuildFile; fileRef = 18226A7D233FAA6300B10142 /* SceneDelegate.swift */; };
		18226A85233FAA6400B10142 /* Assets.xcassets in Resources */ = {isa = PBXBuildFile; fileRef = 18226A84233FAA6400B10142 /* Assets.xcassets */; };
		18226A88233FAA6400B10142 /* LaunchScreen.storyboard in Resources */ = {isa = PBXBuildFile; fileRef = 18226A86233FAA6400B10142 /* LaunchScreen.storyboard */; };
		18257CC2234F77AF004DA399 /* Base32.swift in Sources */ = {isa = PBXBuildFile; fileRef = 1892485D2345F4DF002DFDAA /* Base32.swift */; };
		18257CC3234F77B4004DA399 /* TOTP.swift in Sources */ = {isa = PBXBuildFile; fileRef = 188C5CE323476E980024BECB /* TOTP.swift */; };
		18257CC5234F77D6004DA399 /* String+Base32.swift in Sources */ = {isa = PBXBuildFile; fileRef = 188C5CCF234718E60024BECB /* String+Base32.swift */; };
		18257CC6234F77D8004DA399 /* Data+Base32.swift in Sources */ = {isa = PBXBuildFile; fileRef = 188C5CD1234718FF0024BECB /* Data+Base32.swift */; };
		18257CC7234F77DC004DA399 /* Int+Code.swift in Sources */ = {isa = PBXBuildFile; fileRef = 188C5CEB234850EF0024BECB /* Int+Code.swift */; };
		188C5CD0234718E60024BECB /* String+Base32.swift in Sources */ = {isa = PBXBuildFile; fileRef = 188C5CCF234718E60024BECB /* String+Base32.swift */; };
		188C5CD2234718FF0024BECB /* Data+Base32.swift in Sources */ = {isa = PBXBuildFile; fileRef = 188C5CD1234718FF0024BECB /* Data+Base32.swift */; };
		188C5CDC23476C1D0024BECB /* Base32Tests.swift in Sources */ = {isa = PBXBuildFile; fileRef = 188C5CDB23476C1D0024BECB /* Base32Tests.swift */; };
		188C5CE423476E980024BECB /* TOTP.swift in Sources */ = {isa = PBXBuildFile; fileRef = 188C5CE323476E980024BECB /* TOTP.swift */; };
		188C5CE823477AE10024BECB /* TOTPTests.swift in Sources */ = {isa = PBXBuildFile; fileRef = 188C5CE723477AE10024BECB /* TOTPTests.swift */; };
		188C5CEA234835A00024BECB /* TOTPManager.swift in Sources */ = {isa = PBXBuildFile; fileRef = 188C5CE9234835A00024BECB /* TOTPManager.swift */; };
		188C5CEC234850EF0024BECB /* Int+Code.swift in Sources */ = {isa = PBXBuildFile; fileRef = 188C5CEB234850EF0024BECB /* Int+Code.swift */; };
		189248352342F9A3002DFDAA /* Interface.storyboard in Resources */ = {isa = PBXBuildFile; fileRef = 189248332342F9A3002DFDAA /* Interface.storyboard */; };
		189248372342F9A4002DFDAA /* Assets.xcassets in Resources */ = {isa = PBXBuildFile; fileRef = 189248362342F9A4002DFDAA /* Assets.xcassets */; };
		1892483E2342F9A4002DFDAA /* Watch Extension.appex in Embed App Extensions */ = {isa = PBXBuildFile; fileRef = 1892483D2342F9A4002DFDAA /* Watch Extension.appex */; settings = {ATTRIBUTES = (RemoveHeadersOnCopy, ); }; };
		189248452342F9A4002DFDAA /* ExtensionDelegate.swift in Sources */ = {isa = PBXBuildFile; fileRef = 189248442342F9A4002DFDAA /* ExtensionDelegate.swift */; };
		189248492342F9A4002DFDAA /* Assets.xcassets in Resources */ = {isa = PBXBuildFile; fileRef = 189248482342F9A4002DFDAA /* Assets.xcassets */; };
		1892485E2345F4DF002DFDAA /* Base32.swift in Sources */ = {isa = PBXBuildFile; fileRef = 1892485D2345F4DF002DFDAA /* Base32.swift */; };
		18AA870E234A3EA900FF4F6A /* SafeDispatch.swift in Sources */ = {isa = PBXBuildFile; fileRef = 18AA870D234A3EA900FF4F6A /* SafeDispatch.swift */; };
		18C1910D23FFB3650014EB17 /* ListSeparatorNoneViewModifier.swift in Sources */ = {isa = PBXBuildFile; fileRef = 18C1910C23FFB3650014EB17 /* ListSeparatorNoneViewModifier.swift */; };
		18C54B5823FFA5D40036317F /* CodeView.swift in Sources */ = {isa = PBXBuildFile; fileRef = 18C54B5723FFA5D40036317F /* CodeView.swift */; };
		18CAD2EE240501BF0086BB32 /* TimeProgressView.swift in Sources */ = {isa = PBXBuildFile; fileRef = 180578EF2400ED3F00C9CFA8 /* TimeProgressView.swift */; };
		18CAD2EF240501C40086BB32 /* MyTimer.swift in Sources */ = {isa = PBXBuildFile; fileRef = 180579112401093800C9CFA8 /* MyTimer.swift */; };
		18CAD2F624063FA50086BB32 /* TOTPManager.swift in Sources */ = {isa = PBXBuildFile; fileRef = 188C5CE9234835A00024BECB /* TOTPManager.swift */; };
		18CAD2F7240644500086BB32 /* CodeCell.swift in Sources */ = {isa = PBXBuildFile; fileRef = 18FD676E23FCDB6000F65096 /* CodeCell.swift */; };
		18CAD2F9240652E70086BB32 /* ImagePicker.swift in Sources */ = {isa = PBXBuildFile; fileRef = 18CAD2F8240652E70086BB32 /* ImagePicker.swift */; };
		18CAD2FB24066C9C0086BB32 /* CodeQRView.swift in Sources */ = {isa = PBXBuildFile; fileRef = 18CAD2FA24066C9C0086BB32 /* CodeQRView.swift */; };
		18CAD2FD2406758E0086BB32 /* ImgSaver.swift in Sources */ = {isa = PBXBuildFile; fileRef = 18CAD2FC2406758E0086BB32 /* ImgSaver.swift */; };
		18CAD2FF240678FA0086BB32 /* LBXScan.swift in Sources */ = {isa = PBXBuildFile; fileRef = 18CAD2FE240678FA0086BB32 /* LBXScan.swift */; };
		18CECD2023497A9E009B802A /* HUD.swift in Sources */ = {isa = PBXBuildFile; fileRef = 18CECD1F23497A9E009B802A /* HUD.swift */; };
		18FD676823FCD79800F65096 /* HostingController.swift in Sources */ = {isa = PBXBuildFile; fileRef = 18FD675323FCD35500F65096 /* HostingController.swift */; };
		18FD676923FCD7C100F65096 /* CodeView.swift in Sources */ = {isa = PBXBuildFile; fileRef = 18FD675123FCD35500F65096 /* CodeView.swift */; };
		18FD676F23FCDB6000F65096 /* CodeCell.swift in Sources */ = {isa = PBXBuildFile; fileRef = 18FD676E23FCDB6000F65096 /* CodeCell.swift */; };
		18FD677123FCE22500F65096 /* DataManager.swift in Sources */ = {isa = PBXBuildFile; fileRef = 18FD677023FCE22500F65096 /* DataManager.swift */; };
		193C06286EA024A2D17057B3 /* libPods-App-Authenticator.a in Frameworks */ = {isa = PBXBuildFile; fileRef = 92921AD0DCE6C6243D0D356E /* libPods-App-Authenticator.a */; };
/* End PBXBuildFile section */

/* Begin PBXContainerItemProxy section */
		181318C52352046A00BED3AB /* PBXContainerItemProxy */ = {
			isa = PBXContainerItemProxy;
			containerPortal = 18226A70233FAA6300B10142 /* Project object */;
			proxyType = 1;
			remoteGlobalIDString = 189248302342F9A3002DFDAA;
			remoteInfo = Watch;
		};
		188C5CDE23476C1D0024BECB /* PBXContainerItemProxy */ = {
			isa = PBXContainerItemProxy;
			containerPortal = 18226A70233FAA6300B10142 /* Project object */;
			proxyType = 1;
			remoteGlobalIDString = 18226A77233FAA6300B10142;
			remoteInfo = GoogleAuthCode;
		};
		1892483F2342F9A4002DFDAA /* PBXContainerItemProxy */ = {
			isa = PBXContainerItemProxy;
			containerPortal = 18226A70233FAA6300B10142 /* Project object */;
			proxyType = 1;
			remoteGlobalIDString = 1892483C2342F9A4002DFDAA;
			remoteInfo = "Watch Extension";
		};
/* End PBXContainerItemProxy section */

/* Begin PBXCopyFilesBuildPhase section */
		189248512342F9A4002DFDAA /* Embed App Extensions */ = {
			isa = PBXCopyFilesBuildPhase;
			buildActionMask = 2147483647;
			dstPath = "";
			dstSubfolderSpec = 13;
			files = (
				1892483E2342F9A4002DFDAA /* Watch Extension.appex in Embed App Extensions */,
			);
			name = "Embed App Extensions";
			runOnlyForDeploymentPostprocessing = 0;
		};
		189248552342F9A4002DFDAA /* Embed Watch Content */ = {
			isa = PBXCopyFilesBuildPhase;
			buildActionMask = 2147483647;
			dstPath = "$(CONTENTS_FOLDER_PATH)/Watch";
			dstSubfolderSpec = 16;
			files = (
				181318C42352046300BED3AB /* Authenticator.app in Embed Watch Content */,
			);
			name = "Embed Watch Content";
			runOnlyForDeploymentPostprocessing = 0;
		};
/* End PBXCopyFilesBuildPhase section */

/* Begin PBXFileReference section */
		180578E023FFD58300C9CFA8 /* CodeModel.xcdatamodel */ = {isa = PBXFileReference; lastKnownFileType = wrapper.xcdatamodel; path = CodeModel.xcdatamodel; sourceTree = "<group>"; };
		180578ED2400048E00C9CFA8 /* CodeEditView.swift */ = {isa = PBXFileReference; lastKnownFileType = sourcecode.swift; path = CodeEditView.swift; sourceTree = "<group>"; };
		180578EF2400ED3F00C9CFA8 /* TimeProgressView.swift */ = {isa = PBXFileReference; lastKnownFileType = sourcecode.swift; path = TimeProgressView.swift; sourceTree = "<group>"; };
		180579112401093800C9CFA8 /* MyTimer.swift */ = {isa = PBXFileReference; lastKnownFileType = sourcecode.swift; path = MyTimer.swift; sourceTree = "<group>"; };
		18226A78233FAA6300B10142 /* Authenticator.app */ = {isa = PBXFileReference; explicitFileType = wrapper.application; includeInIndex = 0; path = Authenticator.app; sourceTree = BUILT_PRODUCTS_DIR; };
		18226A7B233FAA6300B10142 /* AppDelegate.swift */ = {isa = PBXFileReference; lastKnownFileType = sourcecode.swift; path = AppDelegate.swift; sourceTree = "<group>"; };
		18226A7D233FAA6300B10142 /* SceneDelegate.swift */ = {isa = PBXFileReference; lastKnownFileType = sourcecode.swift; path = SceneDelegate.swift; sourceTree = "<group>"; };
		18226A84233FAA6400B10142 /* Assets.xcassets */ = {isa = PBXFileReference; lastKnownFileType = folder.assetcatalog; path = Assets.xcassets; sourceTree = "<group>"; };
		18226A87233FAA6400B10142 /* Base */ = {isa = PBXFileReference; lastKnownFileType = file.storyboard; name = Base; path = Base.lproj/LaunchScreen.storyboard; sourceTree = "<group>"; };
		18226A89233FAA6400B10142 /* Info.plist */ = {isa = PBXFileReference; lastKnownFileType = text.plist.xml; path = Info.plist; sourceTree = "<group>"; };
		188C5CCF234718E60024BECB /* String+Base32.swift */ = {isa = PBXFileReference; lastKnownFileType = sourcecode.swift; path = "String+Base32.swift"; sourceTree = "<group>"; };
		188C5CD1234718FF0024BECB /* Data+Base32.swift */ = {isa = PBXFileReference; lastKnownFileType = sourcecode.swift; path = "Data+Base32.swift"; sourceTree = "<group>"; };
		188C5CD923476C1D0024BECB /* AuthenticatorTests.xctest */ = {isa = PBXFileReference; explicitFileType = wrapper.cfbundle; includeInIndex = 0; path = AuthenticatorTests.xctest; sourceTree = BUILT_PRODUCTS_DIR; };
		188C5CDB23476C1D0024BECB /* Base32Tests.swift */ = {isa = PBXFileReference; lastKnownFileType = sourcecode.swift; path = Base32Tests.swift; sourceTree = "<group>"; };
		188C5CDD23476C1D0024BECB /* Info.plist */ = {isa = PBXFileReference; lastKnownFileType = text.plist.xml; path = Info.plist; sourceTree = "<group>"; };
		188C5CE323476E980024BECB /* TOTP.swift */ = {isa = PBXFileReference; lastKnownFileType = sourcecode.swift; path = TOTP.swift; sourceTree = "<group>"; };
		188C5CE723477AE10024BECB /* TOTPTests.swift */ = {isa = PBXFileReference; lastKnownFileType = sourcecode.swift; path = TOTPTests.swift; sourceTree = "<group>"; };
		188C5CE9234835A00024BECB /* TOTPManager.swift */ = {isa = PBXFileReference; lastKnownFileType = sourcecode.swift; path = TOTPManager.swift; sourceTree = "<group>"; };
		188C5CEB234850EF0024BECB /* Int+Code.swift */ = {isa = PBXFileReference; lastKnownFileType = sourcecode.swift; path = "Int+Code.swift"; sourceTree = "<group>"; };
		189248312342F9A3002DFDAA /* Authenticator.app */ = {isa = PBXFileReference; explicitFileType = wrapper.application; includeInIndex = 0; path = Authenticator.app; sourceTree = BUILT_PRODUCTS_DIR; };
		189248342342F9A3002DFDAA /* Base */ = {isa = PBXFileReference; lastKnownFileType = file.storyboard; name = Base; path = Base.lproj/Interface.storyboard; sourceTree = "<group>"; };
		189248362342F9A4002DFDAA /* Assets.xcassets */ = {isa = PBXFileReference; lastKnownFileType = folder.assetcatalog; path = Assets.xcassets; sourceTree = "<group>"; };
		189248382342F9A4002DFDAA /* Info.plist */ = {isa = PBXFileReference; lastKnownFileType = text.plist.xml; path = Info.plist; sourceTree = "<group>"; };
		1892483D2342F9A4002DFDAA /* Watch Extension.appex */ = {isa = PBXFileReference; explicitFileType = "wrapper.app-extension"; includeInIndex = 0; path = "Watch Extension.appex"; sourceTree = BUILT_PRODUCTS_DIR; };
		189248442342F9A4002DFDAA /* ExtensionDelegate.swift */ = {isa = PBXFileReference; lastKnownFileType = sourcecode.swift; path = ExtensionDelegate.swift; sourceTree = "<group>"; };
		189248482342F9A4002DFDAA /* Assets.xcassets */ = {isa = PBXFileReference; lastKnownFileType = folder.assetcatalog; path = Assets.xcassets; sourceTree = "<group>"; };
		1892484A2342F9A4002DFDAA /* Info.plist */ = {isa = PBXFileReference; lastKnownFileType = text.plist.xml; path = Info.plist; sourceTree = "<group>"; };
		1892485D2345F4DF002DFDAA /* Base32.swift */ = {isa = PBXFileReference; lastKnownFileType = sourcecode.swift; path = Base32.swift; sourceTree = "<group>"; };
		18AA870D234A3EA900FF4F6A /* SafeDispatch.swift */ = {isa = PBXFileReference; lastKnownFileType = sourcecode.swift; path = SafeDispatch.swift; sourceTree = "<group>"; };
		18C1910C23FFB3650014EB17 /* ListSeparatorNoneViewModifier.swift */ = {isa = PBXFileReference; lastKnownFileType = sourcecode.swift; path = ListSeparatorNoneViewModifier.swift; sourceTree = "<group>"; };
		18C54B5723FFA5D40036317F /* CodeView.swift */ = {isa = PBXFileReference; lastKnownFileType = sourcecode.swift; path = CodeView.swift; sourceTree = "<group>"; };
		18CAD2F5240507AE0086BB32 /* Watch Extension.entitlements */ = {isa = PBXFileReference; lastKnownFileType = text.plist.entitlements; path = "Watch Extension.entitlements"; sourceTree = "<group>"; };
		18CAD2F8240652E70086BB32 /* ImagePicker.swift */ = {isa = PBXFileReference; lastKnownFileType = sourcecode.swift; path = ImagePicker.swift; sourceTree = "<group>"; };
		18CAD2FA24066C9C0086BB32 /* CodeQRView.swift */ = {isa = PBXFileReference; lastKnownFileType = sourcecode.swift; path = CodeQRView.swift; sourceTree = "<group>"; };
		18CAD2FC2406758E0086BB32 /* ImgSaver.swift */ = {isa = PBXFileReference; lastKnownFileType = sourcecode.swift; path = ImgSaver.swift; sourceTree = "<group>"; };
		18CAD2FE240678FA0086BB32 /* LBXScan.swift */ = {isa = PBXFileReference; lastKnownFileType = sourcecode.swift; path = LBXScan.swift; sourceTree = "<group>"; };
		18CECD1F23497A9E009B802A /* HUD.swift */ = {isa = PBXFileReference; lastKnownFileType = sourcecode.swift; path = HUD.swift; sourceTree = "<group>"; };
		18FD675123FCD35500F65096 /* CodeView.swift */ = {isa = PBXFileReference; lastKnownFileType = sourcecode.swift; path = CodeView.swift; sourceTree = "<group>"; };
		18FD675323FCD35500F65096 /* HostingController.swift */ = {isa = PBXFileReference; lastKnownFileType = sourcecode.swift; path = HostingController.swift; sourceTree = "<group>"; };
		18FD676E23FCDB6000F65096 /* CodeCell.swift */ = {isa = PBXFileReference; lastKnownFileType = sourcecode.swift; path = CodeCell.swift; sourceTree = "<group>"; };
		18FD677023FCE22500F65096 /* DataManager.swift */ = {isa = PBXFileReference; lastKnownFileType = sourcecode.swift; path = DataManager.swift; sourceTree = "<group>"; };
		204C5A205637C6D710A21431 /* Pods-Authenticator.release.xcconfig */ = {isa = PBXFileReference; includeInIndex = 1; lastKnownFileType = text.xcconfig; name = "Pods-Authenticator.release.xcconfig"; path = "Target Support Files/Pods-Authenticator/Pods-Authenticator.release.xcconfig"; sourceTree = "<group>"; };
		2C7E0035BFD9C8BDD1405A76 /* Pods-GoogleAuthCode.release.xcconfig */ = {isa = PBXFileReference; includeInIndex = 1; lastKnownFileType = text.xcconfig; name = "Pods-GoogleAuthCode.release.xcconfig"; path = "Target Support Files/Pods-GoogleAuthCode/Pods-GoogleAuthCode.release.xcconfig"; sourceTree = "<group>"; };
		5B8EDA298FFBCA3836854A82 /* Pods-Authenticator.debug.xcconfig */ = {isa = PBXFileReference; includeInIndex = 1; lastKnownFileType = text.xcconfig; name = "Pods-Authenticator.debug.xcconfig"; path = "Target Support Files/Pods-Authenticator/Pods-Authenticator.debug.xcconfig"; sourceTree = "<group>"; };
		88DDBEB9EBECEF13F1CC874E /* Pods-App-Authenticator.release.xcconfig */ = {isa = PBXFileReference; includeInIndex = 1; lastKnownFileType = text.xcconfig; name = "Pods-App-Authenticator.release.xcconfig"; path = "Target Support Files/Pods-App-Authenticator/Pods-App-Authenticator.release.xcconfig"; sourceTree = "<group>"; };
		92921AD0DCE6C6243D0D356E /* libPods-App-Authenticator.a */ = {isa = PBXFileReference; explicitFileType = archive.ar; includeInIndex = 0; path = "libPods-App-Authenticator.a"; sourceTree = BUILT_PRODUCTS_DIR; };
		CF5BB6728F04564DAD0679F6 /* Pods-App-Authenticator.debug.xcconfig */ = {isa = PBXFileReference; includeInIndex = 1; lastKnownFileType = text.xcconfig; name = "Pods-App-Authenticator.debug.xcconfig"; path = "Target Support Files/Pods-App-Authenticator/Pods-App-Authenticator.debug.xcconfig"; sourceTree = "<group>"; };
		FCC812B527A01C94ACAC497D /* Pods-GoogleAuthCode.debug.xcconfig */ = {isa = PBXFileReference; includeInIndex = 1; lastKnownFileType = text.xcconfig; name = "Pods-GoogleAuthCode.debug.xcconfig"; path = "Target Support Files/Pods-GoogleAuthCode/Pods-GoogleAuthCode.debug.xcconfig"; sourceTree = "<group>"; };
/* End PBXFileReference section */

/* Begin PBXFrameworksBuildPhase section */
		18226A75233FAA6300B10142 /* Frameworks */ = {
			isa = PBXFrameworksBuildPhase;
			buildActionMask = 2147483647;
			files = (
				193C06286EA024A2D17057B3 /* libPods-App-Authenticator.a in Frameworks */,
			);
			runOnlyForDeploymentPostprocessing = 0;
		};
		188C5CD623476C1D0024BECB /* Frameworks */ = {
			isa = PBXFrameworksBuildPhase;
			buildActionMask = 2147483647;
			files = (
			);
			runOnlyForDeploymentPostprocessing = 0;
		};
		1892483A2342F9A4002DFDAA /* Frameworks */ = {
			isa = PBXFrameworksBuildPhase;
			buildActionMask = 2147483647;
			files = (
			);
			runOnlyForDeploymentPostprocessing = 0;
		};
		688D929744C725F3AEC7A9F3 /* Frameworks */ = {
			isa = PBXFrameworksBuildPhase;
			buildActionMask = 2147483647;
			files = (
			);
			runOnlyForDeploymentPostprocessing = 0;
		};
/* End PBXFrameworksBuildPhase section */

/* Begin PBXGroup section */
		18226A6F233FAA6300B10142 = {
			isa = PBXGroup;
			children = (
				18226A7A233FAA6300B10142 /* Authenticator */,
				189248322342F9A3002DFDAA /* Watch */,
				189248412342F9A4002DFDAA /* Watch Extension */,
				188C5CDA23476C1D0024BECB /* AuthenticatorTests */,
				18226A79233FAA6300B10142 /* Products */,
				6D2916357A1815306283672B /* Pods */,
				6743E9A74496C0A209CC80B7 /* Frameworks */,
			);
			sourceTree = "<group>";
		};
		18226A79233FAA6300B10142 /* Products */ = {
			isa = PBXGroup;
			children = (
				18226A78233FAA6300B10142 /* Authenticator.app */,
				189248312342F9A3002DFDAA /* Authenticator.app */,
				1892483D2342F9A4002DFDAA /* Watch Extension.appex */,
				188C5CD923476C1D0024BECB /* AuthenticatorTests.xctest */,
			);
			name = Products;
			sourceTree = "<group>";
		};
		18226A7A233FAA6300B10142 /* Authenticator */ = {
			isa = PBXGroup;
			children = (
				1892485C2345F4D3002DFDAA /* Utils */,
				1892482A2340DBA2002DFDAA /* Extensions */,
				18226A7B233FAA6300B10142 /* AppDelegate.swift */,
				18226A7D233FAA6300B10142 /* SceneDelegate.swift */,
				18226A84233FAA6400B10142 /* Assets.xcassets */,
				18226A86233FAA6400B10142 /* LaunchScreen.storyboard */,
				18226A89233FAA6400B10142 /* Info.plist */,
				180578DF23FFD58300C9CFA8 /* CodeModel.xcdatamodeld */,
				18C54B5723FFA5D40036317F /* CodeView.swift */,
				18FD676E23FCDB6000F65096 /* CodeCell.swift */,
				180578ED2400048E00C9CFA8 /* CodeEditView.swift */,
				18CAD2FA24066C9C0086BB32 /* CodeQRView.swift */,
				180578EF2400ED3F00C9CFA8 /* TimeProgressView.swift */,
				180579112401093800C9CFA8 /* MyTimer.swift */,
				18CAD2F8240652E70086BB32 /* ImagePicker.swift */,
				18CAD2FE240678FA0086BB32 /* LBXScan.swift */,
				18C1910C23FFB3650014EB17 /* ListSeparatorNoneViewModifier.swift */,
			);
			path = Authenticator;
			sourceTree = "<group>";
		};
		188C5CDA23476C1D0024BECB /* AuthenticatorTests */ = {
			isa = PBXGroup;
			children = (
				188C5CDB23476C1D0024BECB /* Base32Tests.swift */,
				188C5CE723477AE10024BECB /* TOTPTests.swift */,
				188C5CDD23476C1D0024BECB /* Info.plist */,
			);
			path = AuthenticatorTests;
			sourceTree = "<group>";
		};
		1892482A2340DBA2002DFDAA /* Extensions */ = {
			isa = PBXGroup;
			children = (
				188C5CCF234718E60024BECB /* String+Base32.swift */,
				188C5CD1234718FF0024BECB /* Data+Base32.swift */,
				188C5CEB234850EF0024BECB /* Int+Code.swift */,
			);
			path = Extensions;
			sourceTree = "<group>";
		};
		189248322342F9A3002DFDAA /* Watch */ = {
			isa = PBXGroup;
			children = (
				189248332342F9A3002DFDAA /* Interface.storyboard */,
				189248362342F9A4002DFDAA /* Assets.xcassets */,
				189248382342F9A4002DFDAA /* Info.plist */,
			);
			path = Watch;
			sourceTree = "<group>";
		};
		189248412342F9A4002DFDAA /* Watch Extension */ = {
			isa = PBXGroup;
			children = (
				18CAD2F5240507AE0086BB32 /* Watch Extension.entitlements */,
				189248442342F9A4002DFDAA /* ExtensionDelegate.swift */,
				189248482342F9A4002DFDAA /* Assets.xcassets */,
				1892484A2342F9A4002DFDAA /* Info.plist */,
				18FD675323FCD35500F65096 /* HostingController.swift */,
				18FD675123FCD35500F65096 /* CodeView.swift */,
				18FD677023FCE22500F65096 /* DataManager.swift */,
			);
			path = "Watch Extension";
			sourceTree = "<group>";
		};
		1892485C2345F4D3002DFDAA /* Utils */ = {
			isa = PBXGroup;
			children = (
				1892485D2345F4DF002DFDAA /* Base32.swift */,
				188C5CE323476E980024BECB /* TOTP.swift */,
				188C5CE9234835A00024BECB /* TOTPManager.swift */,
				18CECD1F23497A9E009B802A /* HUD.swift */,
				18AA870D234A3EA900FF4F6A /* SafeDispatch.swift */,
				18CAD2FC2406758E0086BB32 /* ImgSaver.swift */,
			);
			path = Utils;
			sourceTree = "<group>";
		};
		6743E9A74496C0A209CC80B7 /* Frameworks */ = {
			isa = PBXGroup;
			children = (
				92921AD0DCE6C6243D0D356E /* libPods-App-Authenticator.a */,
			);
			name = Frameworks;
			sourceTree = "<group>";
		};
		6D2916357A1815306283672B /* Pods */ = {
			isa = PBXGroup;
			children = (
				FCC812B527A01C94ACAC497D /* Pods-GoogleAuthCode.debug.xcconfig */,
				2C7E0035BFD9C8BDD1405A76 /* Pods-GoogleAuthCode.release.xcconfig */,
				5B8EDA298FFBCA3836854A82 /* Pods-Authenticator.debug.xcconfig */,
				204C5A205637C6D710A21431 /* Pods-Authenticator.release.xcconfig */,
				CF5BB6728F04564DAD0679F6 /* Pods-App-Authenticator.debug.xcconfig */,
				88DDBEB9EBECEF13F1CC874E /* Pods-App-Authenticator.release.xcconfig */,
			);
			path = Pods;
			sourceTree = "<group>";
		};
/* End PBXGroup section */

/* Begin PBXNativeTarget section */
		18226A77233FAA6300B10142 /* Authenticator */ = {
			isa = PBXNativeTarget;
			buildConfigurationList = 18226A8C233FAA6400B10142 /* Build configuration list for PBXNativeTarget "Authenticator" */;
			buildPhases = (
				3190B9D6155A4B62569466A7 /* [CP] Check Pods Manifest.lock */,
				18226A74233FAA6300B10142 /* Sources */,
				18226A75233FAA6300B10142 /* Frameworks */,
				18226A76233FAA6300B10142 /* Resources */,
				189248552342F9A4002DFDAA /* Embed Watch Content */,
			);
			buildRules = (
			);
			dependencies = (
				181318C62352046A00BED3AB /* PBXTargetDependency */,
			);
			name = Authenticator;
			productName = GoogleAuthCode;
			productReference = 18226A78233FAA6300B10142 /* Authenticator.app */;
			productType = "com.apple.product-type.application";
		};
		188C5CD823476C1D0024BECB /* AuthenticatorTests */ = {
			isa = PBXNativeTarget;
			buildConfigurationList = 188C5CE023476C1D0024BECB /* Build configuration list for PBXNativeTarget "AuthenticatorTests" */;
			buildPhases = (
				188C5CD523476C1D0024BECB /* Sources */,
				188C5CD623476C1D0024BECB /* Frameworks */,
				188C5CD723476C1D0024BECB /* Resources */,
			);
			buildRules = (
			);
			dependencies = (
				188C5CDF23476C1D0024BECB /* PBXTargetDependency */,
			);
			name = AuthenticatorTests;
			productName = GoogleAuthCodeTests;
			productReference = 188C5CD923476C1D0024BECB /* AuthenticatorTests.xctest */;
			productType = "com.apple.product-type.bundle.unit-test";
		};
		189248302342F9A3002DFDAA /* Watch */ = {
			isa = PBXNativeTarget;
			buildConfigurationList = 189248522342F9A4002DFDAA /* Build configuration list for PBXNativeTarget "Watch" */;
			buildPhases = (
				1892482F2342F9A3002DFDAA /* Resources */,
				189248512342F9A4002DFDAA /* Embed App Extensions */,
				688D929744C725F3AEC7A9F3 /* Frameworks */,
			);
			buildRules = (
			);
			dependencies = (
				189248402342F9A4002DFDAA /* PBXTargetDependency */,
			);
			name = Watch;
			productName = Watch;
			productReference = 189248312342F9A3002DFDAA /* Authenticator.app */;
			productType = "com.apple.product-type.application.watchapp2";
		};
		1892483C2342F9A4002DFDAA /* Watch Extension */ = {
			isa = PBXNativeTarget;
			buildConfigurationList = 1892484E2342F9A4002DFDAA /* Build configuration list for PBXNativeTarget "Watch Extension" */;
			buildPhases = (
				189248392342F9A4002DFDAA /* Sources */,
				1892483A2342F9A4002DFDAA /* Frameworks */,
				1892483B2342F9A4002DFDAA /* Resources */,
			);
			buildRules = (
			);
			dependencies = (
			);
			name = "Watch Extension";
			productName = "Watch Extension";
			productReference = 1892483D2342F9A4002DFDAA /* Watch Extension.appex */;
			productType = "com.apple.product-type.watchkit2-extension";
		};
/* End PBXNativeTarget section */

/* Begin PBXProject section */
		18226A70233FAA6300B10142 /* Project object */ = {
			isa = PBXProject;
			attributes = {
				LastSwiftUpdateCheck = 1140;
				LastUpgradeCheck = 1100;
				ORGANIZATIONNAME = test;
				TargetAttributes = {
					18226A77233FAA6300B10142 = {
						CreatedOnToolsVersion = 11.0;
					};
					188C5CD823476C1D0024BECB = {
						CreatedOnToolsVersion = 11.0;
						TestTargetID = 18226A77233FAA6300B10142;
					};
					189248302342F9A3002DFDAA = {
						CreatedOnToolsVersion = 11.0;
					};
					1892483C2342F9A4002DFDAA = {
						CreatedOnToolsVersion = 11.0;
					};
				};
			};
			buildConfigurationList = 18226A73233FAA6300B10142 /* Build configuration list for PBXProject "Authenticator" */;
			compatibilityVersion = "Xcode 9.3";
			developmentRegion = en;
			hasScannedForEncodings = 0;
			knownRegions = (
				en,
				Base,
			);
			mainGroup = 18226A6F233FAA6300B10142;
			productRefGroup = 18226A79233FAA6300B10142 /* Products */;
			projectDirPath = "";
			projectRoot = "";
			targets = (
				18226A77233FAA6300B10142 /* Authenticator */,
				189248302342F9A3002DFDAA /* Watch */,
				1892483C2342F9A4002DFDAA /* Watch Extension */,
				188C5CD823476C1D0024BECB /* AuthenticatorTests */,
			);
		};
/* End PBXProject section */

/* Begin PBXResourcesBuildPhase section */
		18226A76233FAA6300B10142 /* Resources */ = {
			isa = PBXResourcesBuildPhase;
			buildActionMask = 2147483647;
			files = (
				18226A88233FAA6400B10142 /* LaunchScreen.storyboard in Resources */,
				18226A85233FAA6400B10142 /* Assets.xcassets in Resources */,
			);
			runOnlyForDeploymentPostprocessing = 0;
		};
		188C5CD723476C1D0024BECB /* Resources */ = {
			isa = PBXResourcesBuildPhase;
			buildActionMask = 2147483647;
			files = (
			);
			runOnlyForDeploymentPostprocessing = 0;
		};
		1892482F2342F9A3002DFDAA /* Resources */ = {
			isa = PBXResourcesBuildPhase;
			buildActionMask = 2147483647;
			files = (
				189248372342F9A4002DFDAA /* Assets.xcassets in Resources */,
				189248352342F9A3002DFDAA /* Interface.storyboard in Resources */,
			);
			runOnlyForDeploymentPostprocessing = 0;
		};
		1892483B2342F9A4002DFDAA /* Resources */ = {
			isa = PBXResourcesBuildPhase;
			buildActionMask = 2147483647;
			files = (
				189248492342F9A4002DFDAA /* Assets.xcassets in Resources */,
			);
			runOnlyForDeploymentPostprocessing = 0;
		};
/* End PBXResourcesBuildPhase section */

/* Begin PBXShellScriptBuildPhase section */
		3190B9D6155A4B62569466A7 /* [CP] Check Pods Manifest.lock */ = {
			isa = PBXShellScriptBuildPhase;
			buildActionMask = 2147483647;
			files = (
			);
			inputFileListPaths = (
			);
			inputPaths = (
				"${PODS_PODFILE_DIR_PATH}/Podfile.lock",
				"${PODS_ROOT}/Manifest.lock",
			);
			name = "[CP] Check Pods Manifest.lock";
			outputFileListPaths = (
			);
			outputPaths = (
				"$(DERIVED_FILE_DIR)/Pods-App-Authenticator-checkManifestLockResult.txt",
			);
			runOnlyForDeploymentPostprocessing = 0;
			shellPath = /bin/sh;
			shellScript = "diff \"${PODS_PODFILE_DIR_PATH}/Podfile.lock\" \"${PODS_ROOT}/Manifest.lock\" > /dev/null\nif [ $? != 0 ] ; then\n    # print error to STDERR\n    echo \"error: The sandbox is not in sync with the Podfile.lock. Run 'pod install' or update your CocoaPods installation.\" >&2\n    exit 1\nfi\n# This output is used by Xcode 'outputs' to avoid re-running this script phase.\necho \"SUCCESS\" > \"${SCRIPT_OUTPUT_FILE_0}\"\n";
			showEnvVarsInLog = 0;
		};
/* End PBXShellScriptBuildPhase section */

/* Begin PBXSourcesBuildPhase section */
		18226A74233FAA6300B10142 /* Sources */ = {
			isa = PBXSourcesBuildPhase;
			buildActionMask = 2147483647;
			files = (
				180578EC23FFDB9900C9CFA8 /* CodeModel.xcdatamodeld in Sources */,
				18CAD2F7240644500086BB32 /* CodeCell.swift in Sources */,
				180578EE2400048F00C9CFA8 /* CodeEditView.swift in Sources */,
				1892485E2345F4DF002DFDAA /* Base32.swift in Sources */,
				18AA870E234A3EA900FF4F6A /* SafeDispatch.swift in Sources */,
				18C1910D23FFB3650014EB17 /* ListSeparatorNoneViewModifier.swift in Sources */,
				18C54B5823FFA5D40036317F /* CodeView.swift in Sources */,
				18CAD2F9240652E70086BB32 /* ImagePicker.swift in Sources */,
				188C5CEA234835A00024BECB /* TOTPManager.swift in Sources */,
				18CAD2FF240678FA0086BB32 /* LBXScan.swift in Sources */,
				18CAD2FD2406758E0086BB32 /* ImgSaver.swift in Sources */,
				188C5CD2234718FF0024BECB /* Data+Base32.swift in Sources */,
				180579122401093800C9CFA8 /* MyTimer.swift in Sources */,
				18CAD2FB24066C9C0086BB32 /* CodeQRView.swift in Sources */,
				188C5CD0234718E60024BECB /* String+Base32.swift in Sources */,
				18226A7C233FAA6300B10142 /* AppDelegate.swift in Sources */,
				18226A7E233FAA6300B10142 /* SceneDelegate.swift in Sources */,
				188C5CEC234850EF0024BECB /* Int+Code.swift in Sources */,
				188C5CE423476E980024BECB /* TOTP.swift in Sources */,
				18CECD2023497A9E009B802A /* HUD.swift in Sources */,
				180578F02400ED3F00C9CFA8 /* TimeProgressView.swift in Sources */,
			);
			runOnlyForDeploymentPostprocessing = 0;
		};
		188C5CD523476C1D0024BECB /* Sources */ = {
			isa = PBXSourcesBuildPhase;
			buildActionMask = 2147483647;
			files = (
				188C5CE823477AE10024BECB /* TOTPTests.swift in Sources */,
				188C5CDC23476C1D0024BECB /* Base32Tests.swift in Sources */,
			);
			runOnlyForDeploymentPostprocessing = 0;
		};
		189248392342F9A4002DFDAA /* Sources */ = {
			isa = PBXSourcesBuildPhase;
			buildActionMask = 2147483647;
			files = (
				18CAD2EE240501BF0086BB32 /* TimeProgressView.swift in Sources */,
				18FD676923FCD7C100F65096 /* CodeView.swift in Sources */,
				18257CC6234F77D8004DA399 /* Data+Base32.swift in Sources */,
				18257CC2234F77AF004DA399 /* Base32.swift in Sources */,
				189248452342F9A4002DFDAA /* ExtensionDelegate.swift in Sources */,
				18FD676F23FCDB6000F65096 /* CodeCell.swift in Sources */,
				18257CC3234F77B4004DA399 /* TOTP.swift in Sources */,
				18257CC5234F77D6004DA399 /* String+Base32.swift in Sources */,
				18FD676823FCD79800F65096 /* HostingController.swift in Sources */,
				18CAD2F624063FA50086BB32 /* TOTPManager.swift in Sources */,
				18FD677123FCE22500F65096 /* DataManager.swift in Sources */,
				18CAD2EF240501C40086BB32 /* MyTimer.swift in Sources */,
				18257CC7234F77DC004DA399 /* Int+Code.swift in Sources */,
			);
			runOnlyForDeploymentPostprocessing = 0;
		};
/* End PBXSourcesBuildPhase section */

/* Begin PBXTargetDependency section */
		181318C62352046A00BED3AB /* PBXTargetDependency */ = {
			isa = PBXTargetDependency;
			target = 189248302342F9A3002DFDAA /* Watch */;
			targetProxy = 181318C52352046A00BED3AB /* PBXContainerItemProxy */;
		};
		188C5CDF23476C1D0024BECB /* PBXTargetDependency */ = {
			isa = PBXTargetDependency;
			target = 18226A77233FAA6300B10142 /* Authenticator */;
			targetProxy = 188C5CDE23476C1D0024BECB /* PBXContainerItemProxy */;
		};
		189248402342F9A4002DFDAA /* PBXTargetDependency */ = {
			isa = PBXTargetDependency;
			target = 1892483C2342F9A4002DFDAA /* Watch Extension */;
			targetProxy = 1892483F2342F9A4002DFDAA /* PBXContainerItemProxy */;
		};
/* End PBXTargetDependency section */

/* Begin PBXVariantGroup section */
		18226A86233FAA6400B10142 /* LaunchScreen.storyboard */ = {
			isa = PBXVariantGroup;
			children = (
				18226A87233FAA6400B10142 /* Base */,
			);
			name = LaunchScreen.storyboard;
			sourceTree = "<group>";
		};
		189248332342F9A3002DFDAA /* Interface.storyboard */ = {
			isa = PBXVariantGroup;
			children = (
				189248342342F9A3002DFDAA /* Base */,
			);
			name = Interface.storyboard;
			sourceTree = "<group>";
		};
/* End PBXVariantGroup section */

/* Begin XCBuildConfiguration section */
		18226A8A233FAA6400B10142 /* Debug */ = {
			isa = XCBuildConfiguration;
			buildSettings = {
				ALWAYS_SEARCH_USER_PATHS = NO;
				CLANG_ANALYZER_NONNULL = YES;
				CLANG_ANALYZER_NUMBER_OBJECT_CONVERSION = YES_AGGRESSIVE;
				CLANG_CXX_LANGUAGE_STANDARD = "gnu++14";
				CLANG_CXX_LIBRARY = "libc++";
				CLANG_ENABLE_MODULES = YES;
				CLANG_ENABLE_OBJC_ARC = YES;
				CLANG_ENABLE_OBJC_WEAK = YES;
				CLANG_WARN_BLOCK_CAPTURE_AUTORELEASING = YES;
				CLANG_WARN_BOOL_CONVERSION = YES;
				CLANG_WARN_COMMA = YES;
				CLANG_WARN_CONSTANT_CONVERSION = YES;
				CLANG_WARN_DEPRECATED_OBJC_IMPLEMENTATIONS = YES;
				CLANG_WARN_DIRECT_OBJC_ISA_USAGE = YES_ERROR;
				CLANG_WARN_DOCUMENTATION_COMMENTS = YES;
				CLANG_WARN_EMPTY_BODY = YES;
				CLANG_WARN_ENUM_CONVERSION = YES;
				CLANG_WARN_INFINITE_RECURSION = YES;
				CLANG_WARN_INT_CONVERSION = YES;
				CLANG_WARN_NON_LITERAL_NULL_CONVERSION = YES;
				CLANG_WARN_OBJC_IMPLICIT_RETAIN_SELF = YES;
				CLANG_WARN_OBJC_LITERAL_CONVERSION = YES;
				CLANG_WARN_OBJC_ROOT_CLASS = YES_ERROR;
				CLANG_WARN_RANGE_LOOP_ANALYSIS = YES;
				CLANG_WARN_STRICT_PROTOTYPES = YES;
				CLANG_WARN_SUSPICIOUS_MOVE = YES;
				CLANG_WARN_UNGUARDED_AVAILABILITY = YES_AGGRESSIVE;
				CLANG_WARN_UNREACHABLE_CODE = YES;
				CLANG_WARN__DUPLICATE_METHOD_MATCH = YES;
				COPY_PHASE_STRIP = NO;
				DEBUG_INFORMATION_FORMAT = dwarf;
				ENABLE_STRICT_OBJC_MSGSEND = YES;
				ENABLE_TESTABILITY = YES;
				GCC_C_LANGUAGE_STANDARD = gnu11;
				GCC_DYNAMIC_NO_PIC = NO;
				GCC_NO_COMMON_BLOCKS = YES;
				GCC_OPTIMIZATION_LEVEL = 0;
				GCC_PREPROCESSOR_DEFINITIONS = (
					"DEBUG=1",
					"$(inherited)",
				);
				GCC_WARN_64_TO_32_BIT_CONVERSION = YES;
				GCC_WARN_ABOUT_RETURN_TYPE = YES_ERROR;
				GCC_WARN_UNDECLARED_SELECTOR = YES;
				GCC_WARN_UNINITIALIZED_AUTOS = YES_AGGRESSIVE;
				GCC_WARN_UNUSED_FUNCTION = YES;
				GCC_WARN_UNUSED_VARIABLE = YES;
				IPHONEOS_DEPLOYMENT_TARGET = 13.0;
				MTL_ENABLE_DEBUG_INFO = INCLUDE_SOURCE;
				MTL_FAST_MATH = YES;
				ONLY_ACTIVE_ARCH = YES;
				SDKROOT = iphoneos;
				SWIFT_ACTIVE_COMPILATION_CONDITIONS = DEBUG;
				SWIFT_OPTIMIZATION_LEVEL = "-Onone";
			};
			name = Debug;
		};
		18226A8B233FAA6400B10142 /* Release */ = {
			isa = XCBuildConfiguration;
			buildSettings = {
				ALWAYS_SEARCH_USER_PATHS = NO;
				CLANG_ANALYZER_NONNULL = YES;
				CLANG_ANALYZER_NUMBER_OBJECT_CONVERSION = YES_AGGRESSIVE;
				CLANG_CXX_LANGUAGE_STANDARD = "gnu++14";
				CLANG_CXX_LIBRARY = "libc++";
				CLANG_ENABLE_MODULES = YES;
				CLANG_ENABLE_OBJC_ARC = YES;
				CLANG_ENABLE_OBJC_WEAK = YES;
				CLANG_WARN_BLOCK_CAPTURE_AUTORELEASING = YES;
				CLANG_WARN_BOOL_CONVERSION = YES;
				CLANG_WARN_COMMA = YES;
				CLANG_WARN_CONSTANT_CONVERSION = YES;
				CLANG_WARN_DEPRECATED_OBJC_IMPLEMENTATIONS = YES;
				CLANG_WARN_DIRECT_OBJC_ISA_USAGE = YES_ERROR;
				CLANG_WARN_DOCUMENTATION_COMMENTS = YES;
				CLANG_WARN_EMPTY_BODY = YES;
				CLANG_WARN_ENUM_CONVERSION = YES;
				CLANG_WARN_INFINITE_RECURSION = YES;
				CLANG_WARN_INT_CONVERSION = YES;
				CLANG_WARN_NON_LITERAL_NULL_CONVERSION = YES;
				CLANG_WARN_OBJC_IMPLICIT_RETAIN_SELF = YES;
				CLANG_WARN_OBJC_LITERAL_CONVERSION = YES;
				CLANG_WARN_OBJC_ROOT_CLASS = YES_ERROR;
				CLANG_WARN_RANGE_LOOP_ANALYSIS = YES;
				CLANG_WARN_STRICT_PROTOTYPES = YES;
				CLANG_WARN_SUSPICIOUS_MOVE = YES;
				CLANG_WARN_UNGUARDED_AVAILABILITY = YES_AGGRESSIVE;
				CLANG_WARN_UNREACHABLE_CODE = YES;
				CLANG_WARN__DUPLICATE_METHOD_MATCH = YES;
				COPY_PHASE_STRIP = NO;
				DEBUG_INFORMATION_FORMAT = "dwarf-with-dsym";
				ENABLE_NS_ASSERTIONS = NO;
				ENABLE_STRICT_OBJC_MSGSEND = YES;
				GCC_C_LANGUAGE_STANDARD = gnu11;
				GCC_NO_COMMON_BLOCKS = YES;
				GCC_WARN_64_TO_32_BIT_CONVERSION = YES;
				GCC_WARN_ABOUT_RETURN_TYPE = YES_ERROR;
				GCC_WARN_UNDECLARED_SELECTOR = YES;
				GCC_WARN_UNINITIALIZED_AUTOS = YES_AGGRESSIVE;
				GCC_WARN_UNUSED_FUNCTION = YES;
				GCC_WARN_UNUSED_VARIABLE = YES;
				IPHONEOS_DEPLOYMENT_TARGET = 13.0;
				MTL_ENABLE_DEBUG_INFO = NO;
				MTL_FAST_MATH = YES;
				SDKROOT = iphoneos;
				SWIFT_COMPILATION_MODE = wholemodule;
				SWIFT_OPTIMIZATION_LEVEL = "-O";
				VALIDATE_PRODUCT = YES;
			};
			name = Release;
		};
		18226A8D233FAA6400B10142 /* Debug */ = {
			isa = XCBuildConfiguration;
			baseConfigurationReference = CF5BB6728F04564DAD0679F6 /* Pods-App-Authenticator.debug.xcconfig */;
			buildSettings = {
				ASSETCATALOG_COMPILER_APPICON_NAME = AppIcon;
				CODE_SIGN_ENTITLEMENTS = "";
				CODE_SIGN_IDENTITY = "Apple Development";
				CODE_SIGN_INJECT_BASE_ENTITLEMENTS = NO;
				CODE_SIGN_STYLE = Automatic;
				CURRENT_PROJECT_VERSION = 2;
				DEVELOPMENT_TEAM = ED4MS6929N;
				INFOPLIST_FILE = Authenticator/Info.plist;
				LD_RUNPATH_SEARCH_PATHS = (
					"$(inherited)",
					"@executable_path/Frameworks",
				);
				MACOSX_DEPLOYMENT_TARGET = 10.15;
				MARKETING_VERSION = 1.0.1;
				PRODUCT_BUNDLE_IDENTIFIER = com.sky.Authenticator;
				PRODUCT_NAME = Authenticator;
				PROVISIONING_PROFILE_SPECIFIER = "";
				SWIFT_VERSION = 5.0;
				TARGETED_DEVICE_FAMILY = 1;
				VALID_ARCHS = "arm64 armv7s arm64e";
			};
			name = Debug;
		};
		18226A8E233FAA6400B10142 /* Release */ = {
			isa = XCBuildConfiguration;
			baseConfigurationReference = 88DDBEB9EBECEF13F1CC874E /* Pods-App-Authenticator.release.xcconfig */;
			buildSettings = {
				ASSETCATALOG_COMPILER_APPICON_NAME = AppIcon;
				CODE_SIGN_ENTITLEMENTS = "";
				CODE_SIGN_IDENTITY = "Apple Development";
				CODE_SIGN_INJECT_BASE_ENTITLEMENTS = NO;
				CODE_SIGN_STYLE = Automatic;
				CURRENT_PROJECT_VERSION = 2;
				DEVELOPMENT_TEAM = ED4MS6929N;
				INFOPLIST_FILE = Authenticator/Info.plist;
				LD_RUNPATH_SEARCH_PATHS = (
					"$(inherited)",
					"@executable_path/Frameworks",
				);
				MACOSX_DEPLOYMENT_TARGET = 10.15;
				MARKETING_VERSION = 1.0.1;
				PRODUCT_BUNDLE_IDENTIFIER = com.sky.Authenticator;
				PRODUCT_NAME = Authenticator;
				PROVISIONING_PROFILE_SPECIFIER = "";
				SWIFT_VERSION = 5.0;
				TARGETED_DEVICE_FAMILY = 1;
				VALID_ARCHS = "arm64 armv7s arm64e";
			};
			name = Release;
		};
		188C5CE123476C1D0024BECB /* Debug */ = {
			isa = XCBuildConfiguration;
			buildSettings = {
				BUNDLE_LOADER = "$(TEST_HOST)";
				CODE_SIGN_STYLE = Automatic;
				DEVELOPMENT_TEAM = ED4MS6929N;
				INFOPLIST_FILE = AuthenticatorTests/Info.plist;
				LD_RUNPATH_SEARCH_PATHS = (
					"$(inherited)",
					"@executable_path/Frameworks",
					"@loader_path/Frameworks",
				);
				PRODUCT_BUNDLE_IDENTIFIER = com.sky.Authenticator;
				PRODUCT_NAME = "$(TARGET_NAME)";
				SWIFT_VERSION = 5.0;
				TARGETED_DEVICE_FAMILY = "1,2";
				TEST_HOST = "$(BUILT_PRODUCTS_DIR)/Authenticator.app/Authenticator";
			};
			name = Debug;
		};
		188C5CE223476C1D0024BECB /* Release */ = {
			isa = XCBuildConfiguration;
			buildSettings = {
				BUNDLE_LOADER = "$(TEST_HOST)";
				CODE_SIGN_STYLE = Automatic;
				DEVELOPMENT_TEAM = ED4MS6929N;
				INFOPLIST_FILE = AuthenticatorTests/Info.plist;
				LD_RUNPATH_SEARCH_PATHS = (
					"$(inherited)",
					"@executable_path/Frameworks",
					"@loader_path/Frameworks",
				);
				PRODUCT_BUNDLE_IDENTIFIER = com.sky.Authenticator;
				PRODUCT_NAME = "$(TARGET_NAME)";
				SWIFT_VERSION = 5.0;
				TARGETED_DEVICE_FAMILY = "1,2";
				TEST_HOST = "$(BUILT_PRODUCTS_DIR)/Authenticator.app/Authenticator";
			};
			name = Release;
		};
		1892484F2342F9A4002DFDAA /* Debug */ = {
			isa = XCBuildConfiguration;
			buildSettings = {
				ASSETCATALOG_COMPILER_COMPLICATION_NAME = Complication;
				CODE_SIGN_ENTITLEMENTS = "";
				CODE_SIGN_IDENTITY = "Apple Development";
				CODE_SIGN_STYLE = Automatic;
				CURRENT_PROJECT_VERSION = 2;
				DEVELOPMENT_TEAM = ED4MS6929N;
				INFOPLIST_FILE = "Watch Extension/Info.plist";
				LD_RUNPATH_SEARCH_PATHS = (
					"$(inherited)",
					"@executable_path/Frameworks",
					"@executable_path/../../Frameworks",
				);
				MARKETING_VERSION = 1.0.1;
				PRODUCT_BUNDLE_IDENTIFIER = com.sky.Authenticator.watchkitapp.watchkitextension;
				PRODUCT_NAME = "${TARGET_NAME}";
				PROVISIONING_PROFILE_SPECIFIER = "";
				SDKROOT = watchos;
				SKIP_INSTALL = YES;
				SWIFT_VERSION = 5.0;
				TARGETED_DEVICE_FAMILY = 4;
				WATCHOS_DEPLOYMENT_TARGET = 6.0;
			};
			name = Debug;
		};
		189248502342F9A4002DFDAA /* Release */ = {
			isa = XCBuildConfiguration;
			buildSettings = {
				ASSETCATALOG_COMPILER_COMPLICATION_NAME = Complication;
				CODE_SIGN_ENTITLEMENTS = "";
				CODE_SIGN_IDENTITY = "Apple Development";
				CODE_SIGN_STYLE = Automatic;
				CURRENT_PROJECT_VERSION = 2;
				DEVELOPMENT_TEAM = ED4MS6929N;
				INFOPLIST_FILE = "Watch Extension/Info.plist";
				LD_RUNPATH_SEARCH_PATHS = (
					"$(inherited)",
					"@executable_path/Frameworks",
					"@executable_path/../../Frameworks",
				);
				MARKETING_VERSION = 1.0.1;
				PRODUCT_BUNDLE_IDENTIFIER = com.sky.Authenticator.watchkitapp.watchkitextension;
				PRODUCT_NAME = "${TARGET_NAME}";
				PROVISIONING_PROFILE_SPECIFIER = "";
				SDKROOT = watchos;
				SKIP_INSTALL = YES;
				SWIFT_VERSION = 5.0;
				TARGETED_DEVICE_FAMILY = 4;
				WATCHOS_DEPLOYMENT_TARGET = 6.0;
			};
			name = Release;
		};
		189248532342F9A4002DFDAA /* Debug */ = {
			isa = XCBuildConfiguration;
			buildSettings = {
				ALWAYS_EMBED_SWIFT_STANDARD_LIBRARIES = YES;
				ASSETCATALOG_COMPILER_APPICON_NAME = AppIcon;
				CODE_SIGN_IDENTITY = "Apple Development";
				CODE_SIGN_STYLE = Automatic;
				CURRENT_PROJECT_VERSION = 2;
				DEVELOPMENT_TEAM = ED4MS6929N;
				IBSC_MODULE = Watch_Extension;
				INFOPLIST_FILE = Watch/Info.plist;
				MARKETING_VERSION = 1.0.1;
				PRODUCT_BUNDLE_IDENTIFIER = com.sky.Authenticator.watchkitapp;
				PRODUCT_NAME = Authenticator;
				PROVISIONING_PROFILE_SPECIFIER = "";
				SDKROOT = watchos;
				SKIP_INSTALL = YES;
				SWIFT_VERSION = 5.0;
				TARGETED_DEVICE_FAMILY = 4;
				WATCHOS_DEPLOYMENT_TARGET = 6.0;
			};
			name = Debug;
		};
		189248542342F9A4002DFDAA /* Release */ = {
			isa = XCBuildConfiguration;
			buildSettings = {
				ALWAYS_EMBED_SWIFT_STANDARD_LIBRARIES = YES;
				ASSETCATALOG_COMPILER_APPICON_NAME = AppIcon;
				CODE_SIGN_IDENTITY = "Apple Development";
				CODE_SIGN_STYLE = Automatic;
				CURRENT_PROJECT_VERSION = 2;
				DEVELOPMENT_TEAM = ED4MS6929N;
				IBSC_MODULE = Watch_Extension;
				INFOPLIST_FILE = Watch/Info.plist;
				MARKETING_VERSION = 1.0.1;
				PRODUCT_BUNDLE_IDENTIFIER = com.sky.Authenticator.watchkitapp;
				PRODUCT_NAME = Authenticator;
				PROVISIONING_PROFILE_SPECIFIER = "";
				SDKROOT = watchos;
				SKIP_INSTALL = YES;
				SWIFT_VERSION = 5.0;
				TARGETED_DEVICE_FAMILY = 4;
				WATCHOS_DEPLOYMENT_TARGET = 6.0;
			};
			name = Release;
		};
/* End XCBuildConfiguration section */

/* Begin XCConfigurationList section */
		18226A73233FAA6300B10142 /* Build configuration list for PBXProject "Authenticator" */ = {
			isa = XCConfigurationList;
			buildConfigurations = (
				18226A8A233FAA6400B10142 /* Debug */,
				18226A8B233FAA6400B10142 /* Release */,
			);
			defaultConfigurationIsVisible = 0;
			defaultConfigurationName = Release;
		};
		18226A8C233FAA6400B10142 /* Build configuration list for PBXNativeTarget "Authenticator" */ = {
			isa = XCConfigurationList;
			buildConfigurations = (
				18226A8D233FAA6400B10142 /* Debug */,
				18226A8E233FAA6400B10142 /* Release */,
			);
			defaultConfigurationIsVisible = 0;
			defaultConfigurationName = Release;
		};
		188C5CE023476C1D0024BECB /* Build configuration list for PBXNativeTarget "AuthenticatorTests" */ = {
			isa = XCConfigurationList;
			buildConfigurations = (
				188C5CE123476C1D0024BECB /* Debug */,
				188C5CE223476C1D0024BECB /* Release */,
			);
			defaultConfigurationIsVisible = 0;
			defaultConfigurationName = Release;
		};
		1892484E2342F9A4002DFDAA /* Build configuration list for PBXNativeTarget "Watch Extension" */ = {
			isa = XCConfigurationList;
			buildConfigurations = (
				1892484F2342F9A4002DFDAA /* Debug */,
				189248502342F9A4002DFDAA /* Release */,
			);
			defaultConfigurationIsVisible = 0;
			defaultConfigurationName = Release;
		};
		189248522342F9A4002DFDAA /* Build configuration list for PBXNativeTarget "Watch" */ = {
			isa = XCConfigurationList;
			buildConfigurations = (
				189248532342F9A4002DFDAA /* Debug */,
				189248542342F9A4002DFDAA /* Release */,
			);
			defaultConfigurationIsVisible = 0;
			defaultConfigurationName = Release;
		};
/* End XCConfigurationList section */

/* Begin XCVersionGroup section */
		180578DF23FFD58300C9CFA8 /* CodeModel.xcdatamodeld */ = {
			isa = XCVersionGroup;
			children = (
				180578E023FFD58300C9CFA8 /* CodeModel.xcdatamodel */,
			);
			currentVersion = 180578E023FFD58300C9CFA8 /* CodeModel.xcdatamodel */;
			path = CodeModel.xcdatamodeld;
			sourceTree = "<group>";
			versionGroupType = wrapper.xcdatamodel;
		};
/* End XCVersionGroup section */
	};
	rootObject = 18226A70233FAA6300B10142 /* Project object */;
}
